{
  "version": 4,
  "terraform_version": "1.11.1",
  "serial": 1513,
  "lineage": "0f3a58a9-a873-2aff-6403-23e3494d16cc",
  "outputs": {
    "alb_dns_name": {
      "value": "my-application-load-balancer-48596560.eu-central-1.elb.amazonaws.com",
      "type": "string"
    },
    "cloudfront_domain": {
      "value": "d2pu2wrs1nodu3.cloudfront.net",
      "type": "string"
    },
    "ec2_sg_id": {
      "value": "sg-0dd465e8e4c947386",
      "type": "string"
    },
    "igw_id": {
      "value": "igw-07e981f34760346e1",
      "type": "string"
    },
    "private_subnets": {
      "value": [
        "subnet-096d16f950e2fd1fe",
        "subnet-04f0c0a4df0952058"
      ],
      "type": [
        "tuple",
        [
          "string",
          "string"
        ]
      ]
    },
    "public_subnets": {
      "value": [
        "subnet-067bc50f5cdf16172",
        "subnet-0ca56ce901b2291b1"
      ],
      "type": [
        "tuple",
        [
          "string",
          "string"
        ]
      ]
    },
    "rds_endpoint": {
      "value": "my-rds-database.c96uwg6c21b0.eu-central-1.rds.amazonaws.com:5432",
      "type": "string"
    },
    "s3_bucket_arn": {
      "value": "arn:aws:s3:::spring-bucket-maciej123",
      "type": "string"
    },
    "vpc_id": {
      "value": "vpc-0036f498e4b10e9b2",
      "type": "string"
    }
  },
  "resources": [
    {
      "module": "module.alb",
      "mode": "managed",
      "type": "aws_autoscaling_attachment",
      "name": "asg_attachment",
      "provider": "provider[\"registry.terraform.io/hashicorp/aws\"]",
      "instances": [
        {
          "schema_version": 0,
          "attributes": {
            "autoscaling_group_name": "terraform-20250327183827638100000013",
            "elb": null,
            "id": "terraform-20250327183827638100000013-20250327183843478900000014",
            "lb_target_group_arn": "arn:aws:elasticloadbalancing:eu-central-1:730335206351:targetgroup/ec2-target-group/760552696fe6b41a"
          },
          "sensitive_attributes": [],
          "private": "bnVsbA==",
          "dependencies": [
            "module.alb.aws_lb_target_group.ec2_tg",
            "module.ec2.aws_autoscaling_group.ec2_asg",
            "module.ec2.aws_launch_template.ec2_template",
            "module.iam.aws_iam_instance_profile.ec2_profile",
            "module.iam.aws_iam_role.ec2_role",
            "module.security_groups.aws_security_group.alb_sg",
            "module.security_groups.aws_security_group.ec2_sg",
            "module.security_groups.aws_security_group.ssm_sg",
            "module.subnets.aws_subnet.private",
            "module.vpc.aws_vpc.main"
          ]
        }
      ]
    },
    {
      "module": "module.alb",
      "mode": "managed",
      "type": "aws_lb",
      "name": "main",
      "provider": "provider[\"registry.terraform.io/hashicorp/aws\"]",
      "instances": [
        {
          "schema_version": 0,
          "attributes": {
            "access_logs": [
              {
                "bucket": "",
                "enabled": false,
                "prefix": ""
              }
            ],
            "arn": "arn:aws:elasticloadbalancing:eu-central-1:730335206351:loadbalancer/app/my-application-load-balancer/b04446a3a0b94b20",
            "arn_suffix": "app/my-application-load-balancer/b04446a3a0b94b20",
            "client_keep_alive": 3600,
            "connection_logs": [
              {
                "bucket": "",
                "enabled": false,
                "prefix": ""
              }
            ],
            "customer_owned_ipv4_pool": "",
            "desync_mitigation_mode": "defensive",
            "dns_name": "my-application-load-balancer-48596560.eu-central-1.elb.amazonaws.com",
            "dns_record_client_routing_policy": null,
            "drop_invalid_header_fields": false,
            "enable_cross_zone_load_balancing": true,
            "enable_deletion_protection": false,
            "enable_http2": true,
            "enable_tls_version_and_cipher_suite_headers": false,
            "enable_waf_fail_open": false,
            "enable_xff_client_port": false,
            "enable_zonal_shift": false,
            "enforce_security_group_inbound_rules_on_private_link_traffic": "",
            "id": "arn:aws:elasticloadbalancing:eu-central-1:730335206351:loadbalancer/app/my-application-load-balancer/b04446a3a0b94b20",
            "idle_timeout": 60,
            "internal": false,
            "ip_address_type": "ipv4",
            "load_balancer_type": "application",
            "name": "my-application-load-balancer",
            "name_prefix": "",
            "preserve_host_header": false,
            "security_groups": [
              "sg-08d97a09435cec45e"
            ],
            "subnet_mapping": [
              {
                "allocation_id": "",
                "ipv6_address": "",
                "outpost_id": "",
                "private_ipv4_address": "",
                "subnet_id": "subnet-067bc50f5cdf16172"
              },
              {
                "allocation_id": "",
                "ipv6_address": "",
                "outpost_id": "",
                "private_ipv4_address": "",
                "subnet_id": "subnet-0ca56ce901b2291b1"
              }
            ],
            "subnets": [
              "subnet-067bc50f5cdf16172",
              "subnet-0ca56ce901b2291b1"
            ],
            "tags": {
              "Name": "MyALB"
            },
            "tags_all": {
              "Name": "MyALB"
            },
            "timeouts": null,
            "vpc_id": "vpc-0036f498e4b10e9b2",
            "xff_header_processing_mode": "append",
            "zone_id": "Z215JYRZR1TBD5"
          },
          "sensitive_attributes": [],
          "private": "eyJlMmJmYjczMC1lY2FhLTExZTYtOGY4OC0zNDM2M2JjN2M0YzAiOnsiY3JlYXRlIjo2MDAwMDAwMDAwMDAsImRlbGV0ZSI6NjAwMDAwMDAwMDAwLCJ1cGRhdGUiOjYwMDAwMDAwMDAwMH19",
          "dependencies": [
            "module.security_groups.aws_security_group.alb_sg",
            "module.subnets.aws_subnet.public",
            "module.vpc.aws_vpc.main"
          ]
        }
      ]
    },
    {
      "module": "module.alb",
      "mode": "managed",
      "type": "aws_lb_listener",
      "name": "http",
      "provider": "provider[\"registry.terraform.io/hashicorp/aws\"]",
      "instances": [
        {
          "schema_version": 0,
          "attributes": {
            "alpn_policy": null,
            "arn": "arn:aws:elasticloadbalancing:eu-central-1:730335206351:listener/app/my-application-load-balancer/b04446a3a0b94b20/621700c585c421be",
            "certificate_arn": null,
            "default_action": [
              {
                "authenticate_cognito": [],
                "authenticate_oidc": [],
                "fixed_response": [],
                "forward": [],
                "order": 1,
                "redirect": [],
                "target_group_arn": "arn:aws:elasticloadbalancing:eu-central-1:730335206351:targetgroup/ec2-target-group/760552696fe6b41a",
                "type": "forward"
              }
            ],
            "id": "arn:aws:elasticloadbalancing:eu-central-1:730335206351:listener/app/my-application-load-balancer/b04446a3a0b94b20/621700c585c421be",
            "load_balancer_arn": "arn:aws:elasticloadbalancing:eu-central-1:730335206351:loadbalancer/app/my-application-load-balancer/b04446a3a0b94b20",
            "mutual_authentication": [],
            "port": 80,
            "protocol": "HTTP",
            "routing_http_request_x_amzn_mtls_clientcert_header_name": null,
            "routing_http_request_x_amzn_mtls_clientcert_issuer_header_name": null,
            "routing_http_request_x_amzn_mtls_clientcert_leaf_header_name": null,
            "routing_http_request_x_amzn_mtls_clientcert_serial_number_header_name": null,
            "routing_http_request_x_amzn_mtls_clientcert_subject_header_name": null,
            "routing_http_request_x_amzn_mtls_clientcert_validity_header_name": null,
            "routing_http_request_x_amzn_tls_cipher_suite_header_name": null,
            "routing_http_request_x_amzn_tls_version_header_name": null,
            "routing_http_response_access_control_allow_credentials_header_value": "",
            "routing_http_response_access_control_allow_headers_header_value": "",
            "routing_http_response_access_control_allow_methods_header_value": "",
            "routing_http_response_access_control_allow_origin_header_value": "",
            "routing_http_response_access_control_expose_headers_header_value": "",
            "routing_http_response_access_control_max_age_header_value": "",
            "routing_http_response_content_security_policy_header_value": "",
            "routing_http_response_server_enabled": false,
            "routing_http_response_strict_transport_security_header_value": "",
            "routing_http_response_x_content_type_options_header_value": "",
            "routing_http_response_x_frame_options_header_value": "",
            "ssl_policy": "",
            "tags": null,
            "tags_all": {},
            "tcp_idle_timeout_seconds": null,
            "timeouts": null
          },
          "sensitive_attributes": [],
          "private": "eyJlMmJmYjczMC1lY2FhLTExZTYtOGY4OC0zNDM2M2JjN2M0YzAiOnsiY3JlYXRlIjozMDAwMDAwMDAwMDAsInVwZGF0ZSI6MzAwMDAwMDAwMDAwfX0=",
          "dependencies": [
            "module.alb.aws_lb.main",
            "module.alb.aws_lb_target_group.ec2_tg",
            "module.security_groups.aws_security_group.alb_sg",
            "module.subnets.aws_subnet.public",
            "module.vpc.aws_vpc.main"
          ]
        }
      ]
    },
    {
      "module": "module.alb",
      "mode": "managed",
      "type": "aws_lb_target_group",
      "name": "ec2_tg",
      "provider": "provider[\"registry.terraform.io/hashicorp/aws\"]",
      "instances": [
        {
          "schema_version": 0,
          "attributes": {
            "arn": "arn:aws:elasticloadbalancing:eu-central-1:730335206351:targetgroup/ec2-target-group/760552696fe6b41a",
            "arn_suffix": "targetgroup/ec2-target-group/760552696fe6b41a",
            "connection_termination": null,
            "deregistration_delay": "300",
            "health_check": [
              {
                "enabled": true,
                "healthy_threshold": 2,
                "interval": 30,
                "matcher": "200",
                "path": "/health",
                "port": "traffic-port",
                "protocol": "HTTP",
                "timeout": 5,
                "unhealthy_threshold": 2
              }
            ],
            "id": "arn:aws:elasticloadbalancing:eu-central-1:730335206351:targetgroup/ec2-target-group/760552696fe6b41a",
            "ip_address_type": "ipv4",
            "lambda_multi_value_headers_enabled": false,
            "load_balancer_arns": [],
            "load_balancing_algorithm_type": "round_robin",
            "load_balancing_anomaly_mitigation": "off",
            "load_balancing_cross_zone_enabled": "use_load_balancer_configuration",
            "name": "ec2-target-group",
            "name_prefix": "",
            "port": 8080,
            "preserve_client_ip": null,
            "protocol": "HTTP",
            "protocol_version": "HTTP1",
            "proxy_protocol_v2": false,
            "slow_start": 0,
            "stickiness": [
              {
                "cookie_duration": 86400,
                "cookie_name": "",
                "enabled": false,
                "type": "lb_cookie"
              }
            ],
            "tags": null,
            "tags_all": {},
            "target_failover": [
              {
                "on_deregistration": null,
                "on_unhealthy": null
              }
            ],
            "target_group_health": [
              {
                "dns_failover": [
                  {
                    "minimum_healthy_targets_count": "1",
                    "minimum_healthy_targets_percentage": "off"
                  }
                ],
                "unhealthy_state_routing": [
                  {
                    "minimum_healthy_targets_count": 1,
                    "minimum_healthy_targets_percentage": "off"
                  }
                ]
              }
            ],
            "target_health_state": [
              {
                "enable_unhealthy_connection_termination": null,
                "unhealthy_draining_interval": null
              }
            ],
            "target_type": "instance",
            "vpc_id": "vpc-0036f498e4b10e9b2"
          },
          "sensitive_attributes": [],
          "private": "bnVsbA==",
          "dependencies": [
            "module.vpc.aws_vpc.main"
          ]
        }
      ]
    },
    {
      "module": "module.cloudfront",
      "mode": "managed",
      "type": "aws_cloudfront_distribution",
      "name": "s3_distribution",
      "provider": "provider[\"registry.terraform.io/hashicorp/aws\"]",
      "instances": [
        {
          "schema_version": 1,
          "attributes": {
            "aliases": null,
            "arn": "arn:aws:cloudfront::730335206351:distribution/E16KWTJC20XDBE",
            "caller_reference": "terraform-20250327183810628400000008",
            "comment": "CloudFront Distribution für statisches Hosting aus S3",
            "continuous_deployment_policy_id": "",
            "custom_error_response": [],
            "default_cache_behavior": [
              {
                "allowed_methods": [
                  "GET",
                  "HEAD"
                ],
                "cache_policy_id": "",
                "cached_methods": [
                  "GET",
                  "HEAD"
                ],
                "compress": false,
                "default_ttl": 3600,
                "field_level_encryption_id": "",
                "forwarded_values": [
                  {
                    "cookies": [
                      {
                        "forward": "none",
                        "whitelisted_names": []
                      }
                    ],
                    "headers": [],
                    "query_string": false,
                    "query_string_cache_keys": []
                  }
                ],
                "function_association": [],
                "grpc_config": [
                  {
                    "enabled": false
                  }
                ],
                "lambda_function_association": [],
                "max_ttl": 86400,
                "min_ttl": 0,
                "origin_request_policy_id": "",
                "realtime_log_config_arn": "",
                "response_headers_policy_id": "",
                "smooth_streaming": false,
                "target_origin_id": "S3-spring-bucket-maciej123.s3.eu-central-1.amazonaws.com",
                "trusted_key_groups": [],
                "trusted_signers": [],
                "viewer_protocol_policy": "redirect-to-https"
              }
            ],
            "default_root_object": "home.html",
            "domain_name": "d2pu2wrs1nodu3.cloudfront.net",
            "enabled": true,
            "etag": "EPCI2YYZQ7AI3",
            "hosted_zone_id": "Z2FDTNDATAQYW2",
            "http_version": "http2",
            "id": "E16KWTJC20XDBE",
            "in_progress_validation_batches": 0,
            "is_ipv6_enabled": true,
            "last_modified_time": "2025-03-27 18:38:10.864 +0000 UTC",
            "logging_config": [],
            "ordered_cache_behavior": [],
            "origin": [
              {
                "connection_attempts": 3,
                "connection_timeout": 10,
                "custom_header": [],
                "custom_origin_config": [],
                "domain_name": "spring-bucket-maciej123.s3.eu-central-1.amazonaws.com",
                "origin_access_control_id": "",
                "origin_id": "S3-spring-bucket-maciej123.s3.eu-central-1.amazonaws.com",
                "origin_path": "",
                "origin_shield": [],
                "s3_origin_config": [
                  {
                    "origin_access_identity": "origin-access-identity/cloudfront/E3BKY0D51HW85W"
                  }
                ],
                "vpc_origin_config": []
              }
            ],
            "origin_group": [],
            "price_class": "PriceClass_All",
            "restrictions": [
              {
                "geo_restriction": [
                  {
                    "locations": [],
                    "restriction_type": "none"
                  }
                ]
              }
            ],
            "retain_on_delete": false,
            "staging": false,
            "status": "Deployed",
            "tags": {
              "Name": "CloudFront-S3"
            },
            "tags_all": {
              "Name": "CloudFront-S3"
            },
            "trusted_key_groups": [
              {
                "enabled": false,
                "items": []
              }
            ],
            "trusted_signers": [
              {
                "enabled": false,
                "items": []
              }
            ],
            "viewer_certificate": [
              {
                "acm_certificate_arn": "",
                "cloudfront_default_certificate": true,
                "iam_certificate_id": "",
                "minimum_protocol_version": "TLSv1",
                "ssl_support_method": ""
              }
            ],
            "wait_for_deployment": true,
            "web_acl_id": ""
          },
          "sensitive_attributes": [],
          "private": "eyJzY2hlbWFfdmVyc2lvbiI6IjEifQ==",
          "dependencies": [
            "module.cloudfront.aws_cloudfront_origin_access_identity.oai",
            "module.s3.aws_s3_bucket.s3_bucket"
          ]
        }
      ]
    },
    {
      "module": "module.cloudfront",
      "mode": "managed",
      "type": "aws_cloudfront_origin_access_identity",
      "name": "oai",
      "provider": "provider[\"registry.terraform.io/hashicorp/aws\"]",
      "instances": [
        {
          "schema_version": 0,
          "attributes": {
            "arn": "arn:aws:cloudfront::730335206351:origin-access-identity/E3BKY0D51HW85W",
            "caller_reference": "terraform-20250327183805089500000001",
            "cloudfront_access_identity_path": "origin-access-identity/cloudfront/E3BKY0D51HW85W",
            "comment": "CloudFront OAI für Zugriff auf S3 Bucket",
            "etag": "E19O1VVI3I4X1W",
            "iam_arn": "arn:aws:iam::cloudfront:user/CloudFront Origin Access Identity E3BKY0D51HW85W",
            "id": "E3BKY0D51HW85W",
            "s3_canonical_user_id": "b00f33cb6e51d288d13a08a73d2ebc196f9d0f892f92dc3c8f17ba407f5eb9094fe674685b6915cf0a47c2af38e2ef1f"
          },
          "sensitive_attributes": [],
          "private": "bnVsbA=="
        }
      ]
    },
    {
      "module": "module.ec2",
      "mode": "managed",
      "type": "aws_autoscaling_group",
      "name": "ec2_asg",
      "provider": "provider[\"registry.terraform.io/hashicorp/aws\"]",
      "instances": [
        {
          "schema_version": 1,
          "attributes": {
            "arn": "arn:aws:autoscaling:eu-central-1:730335206351:autoScalingGroup:c11eb0d1-aed5-423e-9ef5-c993b3024e4f:autoScalingGroupName/terraform-20250327183827638100000013",
            "availability_zone_distribution": [
              {
                "capacity_distribution_strategy": "balanced-best-effort"
              }
            ],
            "availability_zones": [
              "eu-central-1a",
              "eu-central-1b"
            ],
            "capacity_rebalance": false,
            "context": "",
            "default_cooldown": 300,
            "default_instance_warmup": 0,
            "desired_capacity": 2,
            "desired_capacity_type": "",
            "enabled_metrics": null,
            "force_delete": false,
            "force_delete_warm_pool": false,
            "health_check_grace_period": 300,
            "health_check_type": "EC2",
            "id": "terraform-20250327183827638100000013",
            "ignore_failed_scaling_activities": false,
            "initial_lifecycle_hook": [],
            "instance_maintenance_policy": [],
            "instance_refresh": [],
            "launch_configuration": "",
            "launch_template": [
              {
                "id": "lt-09847b8cf131c983f",
                "name": "ec2-template20250327183822013400000010",
                "version": "$Latest"
              }
            ],
            "load_balancers": [],
            "max_instance_lifetime": 0,
            "max_size": 4,
            "metrics_granularity": "1Minute",
            "min_elb_capacity": null,
            "min_size": 1,
            "mixed_instances_policy": [],
            "name": "terraform-20250327183827638100000013",
            "name_prefix": "terraform-",
            "placement_group": "",
            "predicted_capacity": 0,
            "protect_from_scale_in": false,
            "service_linked_role_arn": "arn:aws:iam::730335206351:role/aws-service-role/autoscaling.amazonaws.com/AWSServiceRoleForAutoScaling",
            "suspended_processes": null,
            "tag": [
              {
                "key": "Name",
                "propagate_at_launch": true,
                "value": "SpringBoot-Backend"
              }
            ],
            "target_group_arns": [],
            "termination_policies": null,
            "timeouts": null,
            "traffic_source": [],
            "vpc_zone_identifier": [
              "subnet-04f0c0a4df0952058",
              "subnet-096d16f950e2fd1fe"
            ],
            "wait_for_capacity_timeout": "10m",
            "wait_for_elb_capacity": null,
            "warm_pool": [],
            "warm_pool_size": 0
          },
          "sensitive_attributes": [],
          "private": "eyJlMmJmYjczMC1lY2FhLTExZTYtOGY4OC0zNDM2M2JjN2M0YzAiOnsiZGVsZXRlIjo2MDAwMDAwMDAwMDAsInVwZGF0ZSI6NjAwMDAwMDAwMDAwfSwic2NoZW1hX3ZlcnNpb24iOiIxIn0=",
          "dependencies": [
            "module.ec2.aws_launch_template.ec2_template",
            "module.iam.aws_iam_instance_profile.ec2_profile",
            "module.iam.aws_iam_role.ec2_role",
            "module.security_groups.aws_security_group.alb_sg",
            "module.security_groups.aws_security_group.ec2_sg",
            "module.security_groups.aws_security_group.ssm_sg",
            "module.subnets.aws_subnet.private",
            "module.vpc.aws_vpc.main"
          ]
        }
      ]
    },
    {
      "module": "module.ec2",
      "mode": "managed",
      "type": "aws_launch_template",
      "name": "ec2_template",
      "provider": "provider[\"registry.terraform.io/hashicorp/aws\"]",
      "instances": [
        {
          "schema_version": 0,
          "attributes": {
            "arn": "arn:aws:ec2:eu-central-1:730335206351:launch-template/lt-09847b8cf131c983f",
            "block_device_mappings": [],
            "capacity_reservation_specification": [],
            "cpu_options": [],
            "credit_specification": [],
            "default_version": 1,
            "description": "",
            "disable_api_stop": false,
            "disable_api_termination": false,
            "ebs_optimized": "",
            "elastic_gpu_specifications": [],
            "elastic_inference_accelerator": [],
            "enclave_options": [],
            "hibernation_options": [],
            "iam_instance_profile": [
              {
                "arn": "",
                "name": "EC2InstanceProfile"
              }
            ],
            "id": "lt-09847b8cf131c983f",
            "image_id": "ami-0559679b06ebd7e58",
            "instance_initiated_shutdown_behavior": "",
            "instance_market_options": [],
            "instance_requirements": [],
            "instance_type": "t2.micro",
            "kernel_id": "",
            "key_name": "",
            "latest_version": 1,
            "license_specification": [],
            "maintenance_options": [],
            "metadata_options": [],
            "monitoring": [],
            "name": "ec2-template20250327183822013400000010",
            "name_prefix": "ec2-template",
            "network_interfaces": [
              {
                "associate_carrier_ip_address": "",
                "associate_public_ip_address": "false",
                "connection_tracking_specification": [],
                "delete_on_termination": "",
                "description": "",
                "device_index": 0,
                "ena_srd_specification": [],
                "interface_type": "",
                "ipv4_address_count": 0,
                "ipv4_addresses": null,
                "ipv4_prefix_count": 0,
                "ipv4_prefixes": null,
                "ipv6_address_count": 0,
                "ipv6_addresses": null,
                "ipv6_prefix_count": 0,
                "ipv6_prefixes": null,
                "network_card_index": 0,
                "network_interface_id": "",
                "primary_ipv6": "",
                "private_ip_address": "",
                "security_groups": [
                  "sg-0dd465e8e4c947386",
                  "sg-0f4044a834ae98a92"
                ],
                "subnet_id": ""
              }
            ],
            "placement": [],
            "private_dns_name_options": [],
            "ram_disk_id": "",
            "security_group_names": null,
            "tag_specifications": [
              {
                "resource_type": "instance",
                "tags": {
                  "Name": "SpringBoot-Backend"
                }
              }
            ],
            "tags": null,
            "tags_all": {},
            "update_default_version": null,
            "user_data": "IyEvYmluL2Jhc2gKCnNldCAtZSAgIyBCZWkgRmVobGVyIGFiYnJlY2hlbgoKIyBJbnN0YWxsYXRpb24gU1NNLUFnZW50CnN1ZG8geXVtIGluc3RhbGwgLXkgYW1hem9uLXNzbS1hZ2VudApzdWRvIHN5c3RlbWN0bCBlbmFibGUgYW1hem9uLXNzbS1hZ2VudApzdWRvIHN5c3RlbWN0bCBzdGFydCBhbWF6b24tc3NtLWFnZW50CgojIEluc3RhbGxhdGlvbiBKYXZhIDE3IChBbWF6b24gQ29ycmV0dG8pCnN1ZG8geXVtIGluc3RhbGwgLXkgamF2YS0xNy1hbWF6b24tY29ycmV0dG8tZGV2ZWwKCiMgSW5zdGFsbGF0aW9uIENsb3VkV2F0Y2ggQWdlbnQKc3VkbyB5dW0gaW5zdGFsbCAteSBhbWF6b24tY2xvdWR3YXRjaC1hZ2VudAoKIyBDbG91ZFdhdGNoIEFnZW50IEtvbmZpZ3VyYXRpb24KY2F0IDw8Q1dBR0VOVENPTkZJRyB8IHN1ZG8gdGVlIC9vcHQvYXdzL2FtYXpvbi1jbG91ZHdhdGNoLWFnZW50L2V0Yy9hbWF6b24tY2xvdWR3YXRjaC1hZ2VudC5qc29uCnsKICAibG9ncyI6IHsKICAgICJsb2dzX2NvbGxlY3RlZCI6IHsKICAgICAgImZpbGVzIjogewogICAgICAgICJjb2xsZWN0X2xpc3QiOiBbCiAgICAgICAgICB7CiAgICAgICAgICAgICJmaWxlX3BhdGgiOiAiL3Zhci9sb2cvbWVzc2FnZXMiLAogICAgICAgICAgICAibG9nX2dyb3VwX25hbWUiOiAiL2F3cy9lYzIvc3ByaW5nYm9vdC1iYWNrZW5kIiwKICAgICAgICAgICAgImxvZ19zdHJlYW1fbmFtZSI6ICJ7aW5zdGFuY2VfaWR9IiwKICAgICAgICAgICAgInRpbWV6b25lIjogIlVUQyIKICAgICAgICAgIH0KICAgICAgICBdCiAgICAgIH0KICAgIH0KICB9Cn0KQ1dBR0VOVENPTkZJRwoKIyBDbG91ZFdhdGNoIEFnZW50IHN0YXJ0ZW4Kc3VkbyBhbWF6b24tY2xvdWR3YXRjaC1hZ2VudC1jdGwgLWEgZmV0Y2gtY29uZmlnIC1tIGVjMiAtYyBmaWxlOi9vcHQvYXdzL2FtYXpvbi1jbG91ZHdhdGNoLWFnZW50L2V0Yy9hbWF6b24tY2xvdWR3YXRjaC1hZ2VudC5qc29uIC1zCgojIEFic2ljaGVydW5nOiBBZ2VudCBiZWltIFN0YXJ0IGF1dG9tYXRpc2NoIHN0YXJ0ZW4Kc3VkbyBzeXN0ZW1jdGwgZW5hYmxlIGFtYXpvbi1jbG91ZHdhdGNoLWFnZW50CnN1ZG8gc3lzdGVtY3RsIHN0YXJ0IGFtYXpvbi1jbG91ZHdhdGNoLWFnZW50Cgo=",
            "vpc_security_group_ids": null
          },
          "sensitive_attributes": [],
          "private": "bnVsbA==",
          "dependencies": [
            "module.iam.aws_iam_instance_profile.ec2_profile",
            "module.iam.aws_iam_role.ec2_role",
            "module.security_groups.aws_security_group.alb_sg",
            "module.security_groups.aws_security_group.ec2_sg",
            "module.security_groups.aws_security_group.ssm_sg",
            "module.vpc.aws_vpc.main"
          ]
        }
      ]
    },
    {
      "module": "module.iam",
      "mode": "managed",
      "type": "aws_iam_instance_profile",
      "name": "ec2_profile",
      "provider": "provider[\"registry.terraform.io/hashicorp/aws\"]",
      "instances": [
        {
          "schema_version": 0,
          "attributes": {
            "arn": "arn:aws:iam::730335206351:instance-profile/EC2InstanceProfile",
            "create_date": "2025-03-27T18:38:06Z",
            "id": "EC2InstanceProfile",
            "name": "EC2InstanceProfile",
            "name_prefix": "",
            "path": "/",
            "role": "EC2FullRole",
            "tags": null,
            "tags_all": {},
            "unique_id": "AIPA2UC263PH4SVONUJIF"
          },
          "sensitive_attributes": [],
          "private": "bnVsbA==",
          "dependencies": [
            "module.iam.aws_iam_role.ec2_role"
          ]
        }
      ]
    },
    {
      "module": "module.iam",
      "mode": "managed",
      "type": "aws_iam_policy",
      "name": "cloudwatch_logs_policy",
      "provider": "provider[\"registry.terraform.io/hashicorp/aws\"]",
      "instances": [
        {
          "schema_version": 0,
          "attributes": {
            "arn": "arn:aws:iam::730335206351:policy/CloudWatchLogsAccess",
            "attachment_count": 0,
            "description": "Erlaubt EC2 das Schreiben in CloudWatch Logs",
            "id": "arn:aws:iam::730335206351:policy/CloudWatchLogsAccess",
            "name": "CloudWatchLogsAccess",
            "name_prefix": "",
            "path": "/",
            "policy": "{\"Statement\":[{\"Action\":[\"logs:CreateLogGroup\",\"logs:CreateLogStream\",\"logs:DescribeLogGroups\",\"logs:DescribeLogStreams\",\"logs:PutLogEvents\"],\"Effect\":\"Allow\",\"Resource\":\"arn:aws:logs:*:*:*\"}],\"Version\":\"2012-10-17\"}",
            "policy_id": "ANPA2UC263PH5P2WIG2QC",
            "tags": null,
            "tags_all": {}
          },
          "sensitive_attributes": [],
          "private": "bnVsbA=="
        }
      ]
    },
    {
      "module": "module.iam",
      "mode": "managed",
      "type": "aws_iam_policy",
      "name": "s3_readonly_policy",
      "provider": "provider[\"registry.terraform.io/hashicorp/aws\"]",
      "instances": [
        {
          "schema_version": 0,
          "attributes": {
            "arn": "arn:aws:iam::730335206351:policy/S3ReadOnlyAccess",
            "attachment_count": 0,
            "description": "EC2 darf Objekte aus dem S3-Bucket lesen",
            "id": "arn:aws:iam::730335206351:policy/S3ReadOnlyAccess",
            "name": "S3ReadOnlyAccess",
            "name_prefix": "",
            "path": "/",
            "policy": "{\"Statement\":[{\"Action\":[\"s3:GetObject\",\"s3:ListBucket\"],\"Effect\":\"Allow\",\"Resource\":[\"arn:aws:s3:::spring-bucket-maciej123\",\"arn:aws:s3:::spring-bucket-maciej123/*\"]}],\"Version\":\"2012-10-17\"}",
            "policy_id": "ANPA2UC263PH7B7NPBL6N",
            "tags": null,
            "tags_all": {}
          },
          "sensitive_attributes": [],
          "private": "bnVsbA=="
        }
      ]
    },
    {
      "module": "module.iam",
      "mode": "managed",
      "type": "aws_iam_policy",
      "name": "secrets_access_policy",
      "provider": "provider[\"registry.terraform.io/hashicorp/aws\"]",
      "instances": [
        {
          "schema_version": 0,
          "attributes": {
            "arn": "arn:aws:iam::730335206351:policy/SecretsManagerAccess",
            "attachment_count": 0,
            "description": "Erlaubt EC2 das Auslesen von Secrets",
            "id": "arn:aws:iam::730335206351:policy/SecretsManagerAccess",
            "name": "SecretsManagerAccess",
            "name_prefix": "",
            "path": "/",
            "policy": "{\"Statement\":[{\"Action\":[\"secretsmanager:GetSecretValue\"],\"Effect\":\"Allow\",\"Resource\":\"*\"}],\"Version\":\"2012-10-17\"}",
            "policy_id": "ANPA2UC263PHVIZDWK54N",
            "tags": null,
            "tags_all": {}
          },
          "sensitive_attributes": [],
          "private": "bnVsbA=="
        }
      ]
    },
    {
      "module": "module.iam",
      "mode": "managed",
      "type": "aws_iam_policy",
      "name": "ssm_policy",
      "provider": "provider[\"registry.terraform.io/hashicorp/aws\"]",
      "instances": [
        {
          "schema_version": 0,
          "attributes": {
            "arn": "arn:aws:iam::730335206351:policy/SSMManagedInstanceCore",
            "attachment_count": 0,
            "description": "Erlaubt EC2 die Verwendung von AWS SSM",
            "id": "arn:aws:iam::730335206351:policy/SSMManagedInstanceCore",
            "name": "SSMManagedInstanceCore",
            "name_prefix": "",
            "path": "/",
            "policy": "{\"Statement\":[{\"Action\":[\"ssm:UpdateInstanceInformation\",\"ssm:ListInstanceAssociations\",\"ssm:GetCommandInvocation\",\"ssm:SendCommand\",\"ssm:DescribeInstanceInformation\",\"ssm:StartSession\",\"ssm:DescribeSessions\",\"ssm:TerminateSession\",\"ssm:GetConnectionStatus\"],\"Effect\":\"Allow\",\"Resource\":\"*\"}],\"Version\":\"2012-10-17\"}",
            "policy_id": "ANPA2UC263PH64BPMTAGL",
            "tags": null,
            "tags_all": {}
          },
          "sensitive_attributes": [],
          "private": "bnVsbA=="
        }
      ]
    },
    {
      "module": "module.iam",
      "mode": "managed",
      "type": "aws_iam_role",
      "name": "ec2_role",
      "provider": "provider[\"registry.terraform.io/hashicorp/aws\"]",
      "instances": [
        {
          "schema_version": 0,
          "attributes": {
            "arn": "arn:aws:iam::730335206351:role/EC2FullRole",
            "assume_role_policy": "{\"Statement\":[{\"Action\":\"sts:AssumeRole\",\"Effect\":\"Allow\",\"Principal\":{\"Service\":\"ec2.amazonaws.com\"}}],\"Version\":\"2012-10-17\"}",
            "create_date": "2025-03-27T18:38:05Z",
            "description": "",
            "force_detach_policies": false,
            "id": "EC2FullRole",
            "inline_policy": [],
            "managed_policy_arns": [],
            "max_session_duration": 3600,
            "name": "EC2FullRole",
            "name_prefix": "",
            "path": "/",
            "permissions_boundary": "",
            "tags": null,
            "tags_all": {},
            "unique_id": "AROA2UC263PH6EF4YNCOK"
          },
          "sensitive_attributes": [],
          "private": "bnVsbA=="
        }
      ]
    },
    {
      "module": "module.iam",
      "mode": "managed",
      "type": "aws_iam_role_policy_attachment",
      "name": "attach_secrets_policy",
      "provider": "provider[\"registry.terraform.io/hashicorp/aws\"]",
      "instances": [
        {
          "schema_version": 0,
          "attributes": {
            "id": "EC2FullRole-20250327183806228700000006",
            "policy_arn": "arn:aws:iam::730335206351:policy/SecretsManagerAccess",
            "role": "EC2FullRole"
          },
          "sensitive_attributes": [],
          "private": "bnVsbA==",
          "dependencies": [
            "module.iam.aws_iam_policy.secrets_access_policy",
            "module.iam.aws_iam_role.ec2_role"
          ]
        }
      ]
    },
    {
      "module": "module.iam",
      "mode": "managed",
      "type": "aws_iam_role_policy_attachment",
      "name": "ec2_cloudwatch_policy_attachment",
      "provider": "provider[\"registry.terraform.io/hashicorp/aws\"]",
      "instances": [
        {
          "schema_version": 0,
          "attributes": {
            "id": "EC2FullRole-20250327183806527600000007",
            "policy_arn": "arn:aws:iam::730335206351:policy/CloudWatchLogsAccess",
            "role": "EC2FullRole"
          },
          "sensitive_attributes": [],
          "private": "bnVsbA==",
          "dependencies": [
            "module.iam.aws_iam_policy.cloudwatch_logs_policy",
            "module.iam.aws_iam_role.ec2_role"
          ]
        }
      ]
    },
    {
      "module": "module.iam",
      "mode": "managed",
      "type": "aws_iam_role_policy_attachment",
      "name": "ec2_s3_policy_attachment",
      "provider": "provider[\"registry.terraform.io/hashicorp/aws\"]",
      "instances": [
        {
          "schema_version": 0,
          "attributes": {
            "id": "EC2FullRole-20250327183806193600000003",
            "policy_arn": "arn:aws:iam::730335206351:policy/S3ReadOnlyAccess",
            "role": "EC2FullRole"
          },
          "sensitive_attributes": [],
          "private": "bnVsbA==",
          "dependencies": [
            "module.iam.aws_iam_policy.s3_readonly_policy",
            "module.iam.aws_iam_role.ec2_role"
          ]
        }
      ]
    },
    {
      "module": "module.iam",
      "mode": "managed",
      "type": "aws_iam_role_policy_attachment",
      "name": "ec2_ssm_managed_policy",
      "provider": "provider[\"registry.terraform.io/hashicorp/aws\"]",
      "instances": [
        {
          "schema_version": 0,
          "attributes": {
            "id": "EC2FullRole-20250327183806214300000004",
            "policy_arn": "arn:aws:iam::aws:policy/AmazonSSMManagedInstanceCore",
            "role": "EC2FullRole"
          },
          "sensitive_attributes": [],
          "private": "bnVsbA==",
          "dependencies": [
            "module.iam.aws_iam_role.ec2_role"
          ]
        }
      ]
    },
    {
      "module": "module.iam",
      "mode": "managed",
      "type": "aws_iam_role_policy_attachment",
      "name": "ec2_ssm_policy_attachment",
      "provider": "provider[\"registry.terraform.io/hashicorp/aws\"]",
      "instances": [
        {
          "schema_version": 0,
          "attributes": {
            "id": "EC2FullRole-20250327183806218000000005",
            "policy_arn": "arn:aws:iam::730335206351:policy/SSMManagedInstanceCore",
            "role": "EC2FullRole"
          },
          "sensitive_attributes": [],
          "private": "bnVsbA==",
          "dependencies": [
            "module.iam.aws_iam_policy.ssm_policy",
            "module.iam.aws_iam_role.ec2_role"
          ]
        }
      ]
    },
    {
      "module": "module.network",
      "mode": "managed",
      "type": "aws_route_table",
      "name": "private",
      "provider": "provider[\"registry.terraform.io/hashicorp/aws\"]",
      "instances": [
        {
          "schema_version": 0,
          "attributes": {
            "arn": "arn:aws:ec2:eu-central-1:730335206351:route-table/rtb-0835e2a681e93fe6c",
            "id": "rtb-0835e2a681e93fe6c",
            "owner_id": "730335206351",
            "propagating_vgws": [],
            "route": [],
            "tags": {
              "Name": "PrivateRouteTable"
            },
            "tags_all": {
              "Name": "PrivateRouteTable"
            },
            "timeouts": null,
            "vpc_id": "vpc-0036f498e4b10e9b2"
          },
          "sensitive_attributes": [],
          "private": "eyJlMmJmYjczMC1lY2FhLTExZTYtOGY4OC0zNDM2M2JjN2M0YzAiOnsiY3JlYXRlIjozMDAwMDAwMDAwMDAsImRlbGV0ZSI6MzAwMDAwMDAwMDAwLCJ1cGRhdGUiOjEyMDAwMDAwMDAwMH19",
          "dependencies": [
            "module.vpc.aws_vpc.main"
          ]
        }
      ]
    },
    {
      "module": "module.network",
      "mode": "managed",
      "type": "aws_route_table",
      "name": "public",
      "provider": "provider[\"registry.terraform.io/hashicorp/aws\"]",
      "instances": [
        {
          "schema_version": 0,
          "attributes": {
            "arn": "arn:aws:ec2:eu-central-1:730335206351:route-table/rtb-05ed9a088eba51831",
            "id": "rtb-05ed9a088eba51831",
            "owner_id": "730335206351",
            "propagating_vgws": [],
            "route": [
              {
                "carrier_gateway_id": "",
                "cidr_block": "0.0.0.0/0",
                "core_network_arn": "",
                "destination_prefix_list_id": "",
                "egress_only_gateway_id": "",
                "gateway_id": "igw-07e981f34760346e1",
                "ipv6_cidr_block": "",
                "local_gateway_id": "",
                "nat_gateway_id": "",
                "network_interface_id": "",
                "transit_gateway_id": "",
                "vpc_endpoint_id": "",
                "vpc_peering_connection_id": ""
              }
            ],
            "tags": {
              "Name": "PublicRouteTable"
            },
            "tags_all": {
              "Name": "PublicRouteTable"
            },
            "timeouts": null,
            "vpc_id": "vpc-0036f498e4b10e9b2"
          },
          "sensitive_attributes": [],
          "private": "eyJlMmJmYjczMC1lY2FhLTExZTYtOGY4OC0zNDM2M2JjN2M0YzAiOnsiY3JlYXRlIjozMDAwMDAwMDAwMDAsImRlbGV0ZSI6MzAwMDAwMDAwMDAwLCJ1cGRhdGUiOjEyMDAwMDAwMDAwMH19",
          "dependencies": [
            "module.vpc.aws_internet_gateway.main",
            "module.vpc.aws_vpc.main"
          ]
        }
      ]
    },
    {
      "module": "module.network",
      "mode": "managed",
      "type": "aws_route_table_association",
      "name": "private",
      "provider": "provider[\"registry.terraform.io/hashicorp/aws\"]",
      "instances": [
        {
          "index_key": 0,
          "schema_version": 0,
          "attributes": {
            "gateway_id": "",
            "id": "rtbassoc-00887c033f6084371",
            "route_table_id": "rtb-0835e2a681e93fe6c",
            "subnet_id": "subnet-096d16f950e2fd1fe",
            "timeouts": null
          },
          "sensitive_attributes": [],
          "private": "eyJlMmJmYjczMC1lY2FhLTExZTYtOGY4OC0zNDM2M2JjN2M0YzAiOnsiY3JlYXRlIjozMDAwMDAwMDAwMDAsImRlbGV0ZSI6MzAwMDAwMDAwMDAwLCJ1cGRhdGUiOjEyMDAwMDAwMDAwMH19",
          "dependencies": [
            "module.network.aws_route_table.private",
            "module.subnets.aws_subnet.private",
            "module.vpc.aws_vpc.main"
          ]
        },
        {
          "index_key": 1,
          "schema_version": 0,
          "attributes": {
            "gateway_id": "",
            "id": "rtbassoc-0caf05bc1287742cb",
            "route_table_id": "rtb-0835e2a681e93fe6c",
            "subnet_id": "subnet-04f0c0a4df0952058",
            "timeouts": null
          },
          "sensitive_attributes": [],
          "private": "eyJlMmJmYjczMC1lY2FhLTExZTYtOGY4OC0zNDM2M2JjN2M0YzAiOnsiY3JlYXRlIjozMDAwMDAwMDAwMDAsImRlbGV0ZSI6MzAwMDAwMDAwMDAwLCJ1cGRhdGUiOjEyMDAwMDAwMDAwMH19",
          "dependencies": [
            "module.network.aws_route_table.private",
            "module.subnets.aws_subnet.private",
            "module.vpc.aws_vpc.main"
          ]
        }
      ]
    },
    {
      "module": "module.network",
      "mode": "managed",
      "type": "aws_route_table_association",
      "name": "public",
      "provider": "provider[\"registry.terraform.io/hashicorp/aws\"]",
      "instances": [
        {
          "index_key": 0,
          "schema_version": 0,
          "attributes": {
            "gateway_id": "",
            "id": "rtbassoc-0ac66185094a2ae8b",
            "route_table_id": "rtb-05ed9a088eba51831",
            "subnet_id": "subnet-067bc50f5cdf16172",
            "timeouts": null
          },
          "sensitive_attributes": [],
          "private": "eyJlMmJmYjczMC1lY2FhLTExZTYtOGY4OC0zNDM2M2JjN2M0YzAiOnsiY3JlYXRlIjozMDAwMDAwMDAwMDAsImRlbGV0ZSI6MzAwMDAwMDAwMDAwLCJ1cGRhdGUiOjEyMDAwMDAwMDAwMH19",
          "dependencies": [
            "module.network.aws_route_table.public",
            "module.subnets.aws_subnet.public",
            "module.vpc.aws_internet_gateway.main",
            "module.vpc.aws_vpc.main"
          ]
        },
        {
          "index_key": 1,
          "schema_version": 0,
          "attributes": {
            "gateway_id": "",
            "id": "rtbassoc-03258c914ef32c286",
            "route_table_id": "rtb-05ed9a088eba51831",
            "subnet_id": "subnet-0ca56ce901b2291b1",
            "timeouts": null
          },
          "sensitive_attributes": [],
          "private": "eyJlMmJmYjczMC1lY2FhLTExZTYtOGY4OC0zNDM2M2JjN2M0YzAiOnsiY3JlYXRlIjozMDAwMDAwMDAwMDAsImRlbGV0ZSI6MzAwMDAwMDAwMDAwLCJ1cGRhdGUiOjEyMDAwMDAwMDAwMH19",
          "dependencies": [
            "module.network.aws_route_table.public",
            "module.subnets.aws_subnet.public",
            "module.vpc.aws_internet_gateway.main",
            "module.vpc.aws_vpc.main"
          ]
        }
      ]
    },
    {
      "module": "module.network",
      "mode": "managed",
      "type": "aws_vpc_endpoint",
      "name": "cloudwatch_logs",
      "provider": "provider[\"registry.terraform.io/hashicorp/aws\"]",
      "instances": [
        {
          "schema_version": 0,
          "attributes": {
            "arn": "arn:aws:ec2:eu-central-1:730335206351:vpc-endpoint/vpce-0c78282a1c21a2c72",
            "auto_accept": null,
            "cidr_blocks": [],
            "dns_entry": [
              {
                "dns_name": "vpce-0c78282a1c21a2c72-ez4v8uej.logs.eu-central-1.vpce.amazonaws.com",
                "hosted_zone_id": "Z273ZU8SZ5RJPC"
              },
              {
                "dns_name": "vpce-0c78282a1c21a2c72-ez4v8uej-eu-central-1a.logs.eu-central-1.vpce.amazonaws.com",
                "hosted_zone_id": "Z273ZU8SZ5RJPC"
              },
              {
                "dns_name": "vpce-0c78282a1c21a2c72-ez4v8uej-eu-central-1b.logs.eu-central-1.vpce.amazonaws.com",
                "hosted_zone_id": "Z273ZU8SZ5RJPC"
              },
              {
                "dns_name": "logs.eu-central-1.amazonaws.com",
                "hosted_zone_id": "Z07226743UQNWRGE7OL3B"
              },
              {
                "dns_name": "logs.eu-central-1.api.aws",
                "hosted_zone_id": "Z036935714LXCHK7XWK3D"
              }
            ],
            "dns_options": [
              {
                "dns_record_ip_type": "ipv4",
                "private_dns_only_for_inbound_resolver_endpoint": false
              }
            ],
            "id": "vpce-0c78282a1c21a2c72",
            "ip_address_type": "ipv4",
            "network_interface_ids": [
              "eni-039fe2c7e00f9ce0b",
              "eni-06c40833019e802fe"
            ],
            "owner_id": "730335206351",
            "policy": "{\"Statement\":[{\"Action\":\"*\",\"Effect\":\"Allow\",\"Principal\":\"*\",\"Resource\":\"*\"}]}",
            "prefix_list_id": null,
            "private_dns_enabled": true,
            "requester_managed": false,
            "resource_configuration_arn": "",
            "route_table_ids": [],
            "security_group_ids": [
              "sg-0effeb5e51a411c4f"
            ],
            "service_name": "com.amazonaws.eu-central-1.logs",
            "service_network_arn": "",
            "service_region": "eu-central-1",
            "state": "available",
            "subnet_configuration": [
              {
                "ipv4": "10.0.2.192",
                "ipv6": "",
                "subnet_id": "subnet-096d16f950e2fd1fe"
              },
              {
                "ipv4": "10.0.3.92",
                "ipv6": "",
                "subnet_id": "subnet-04f0c0a4df0952058"
              }
            ],
            "subnet_ids": [
              "subnet-04f0c0a4df0952058",
              "subnet-096d16f950e2fd1fe"
            ],
            "tags": {
              "Name": "CloudWatch-Logs-VPC-Endpoint"
            },
            "tags_all": {
              "Name": "CloudWatch-Logs-VPC-Endpoint"
            },
            "timeouts": null,
            "vpc_endpoint_type": "Interface",
            "vpc_id": "vpc-0036f498e4b10e9b2"
          },
          "sensitive_attributes": [],
          "private": "eyJlMmJmYjczMC1lY2FhLTExZTYtOGY4OC0zNDM2M2JjN2M0YzAiOnsiY3JlYXRlIjo2MDAwMDAwMDAwMDAsImRlbGV0ZSI6NjAwMDAwMDAwMDAwLCJ1cGRhdGUiOjYwMDAwMDAwMDAwMH19",
          "dependencies": [
            "module.security_groups.aws_security_group.vpc_endpoint_sg",
            "module.subnets.aws_subnet.private",
            "module.vpc.aws_vpc.main"
          ]
        }
      ]
    },
    {
      "module": "module.network",
      "mode": "managed",
      "type": "aws_vpc_endpoint",
      "name": "ec2_messages",
      "provider": "provider[\"registry.terraform.io/hashicorp/aws\"]",
      "instances": [
        {
          "schema_version": 0,
          "attributes": {
            "arn": "arn:aws:ec2:eu-central-1:730335206351:vpc-endpoint/vpce-041f6d55002a21632",
            "auto_accept": null,
            "cidr_blocks": [],
            "dns_entry": [
              {
                "dns_name": "vpce-041f6d55002a21632-0zjft0x7.ec2messages.eu-central-1.vpce.amazonaws.com",
                "hosted_zone_id": "Z273ZU8SZ5RJPC"
              },
              {
                "dns_name": "vpce-041f6d55002a21632-0zjft0x7-eu-central-1a.ec2messages.eu-central-1.vpce.amazonaws.com",
                "hosted_zone_id": "Z273ZU8SZ5RJPC"
              },
              {
                "dns_name": "vpce-041f6d55002a21632-0zjft0x7-eu-central-1b.ec2messages.eu-central-1.vpce.amazonaws.com",
                "hosted_zone_id": "Z273ZU8SZ5RJPC"
              },
              {
                "dns_name": "ec2messages.eu-central-1.amazonaws.com",
                "hosted_zone_id": "Z07230001HYYLJXGLOUHJ"
              }
            ],
            "dns_options": [
              {
                "dns_record_ip_type": "ipv4",
                "private_dns_only_for_inbound_resolver_endpoint": false
              }
            ],
            "id": "vpce-041f6d55002a21632",
            "ip_address_type": "ipv4",
            "network_interface_ids": [
              "eni-03da0c05fb7545c0d",
              "eni-0fe8aaebe0ea9d5e2"
            ],
            "owner_id": "730335206351",
            "policy": "{\"Statement\":[{\"Action\":\"*\",\"Effect\":\"Allow\",\"Principal\":\"*\",\"Resource\":\"*\"}]}",
            "prefix_list_id": null,
            "private_dns_enabled": true,
            "requester_managed": false,
            "resource_configuration_arn": "",
            "route_table_ids": [],
            "security_group_ids": [
              "sg-0f4044a834ae98a92"
            ],
            "service_name": "com.amazonaws.eu-central-1.ec2messages",
            "service_network_arn": "",
            "service_region": "eu-central-1",
            "state": "available",
            "subnet_configuration": [
              {
                "ipv4": "10.0.2.239",
                "ipv6": "",
                "subnet_id": "subnet-096d16f950e2fd1fe"
              },
              {
                "ipv4": "10.0.3.253",
                "ipv6": "",
                "subnet_id": "subnet-04f0c0a4df0952058"
              }
            ],
            "subnet_ids": [
              "subnet-04f0c0a4df0952058",
              "subnet-096d16f950e2fd1fe"
            ],
            "tags": {
              "Name": "EC2-Messages-VPC-Endpoint"
            },
            "tags_all": {
              "Name": "EC2-Messages-VPC-Endpoint"
            },
            "timeouts": null,
            "vpc_endpoint_type": "Interface",
            "vpc_id": "vpc-0036f498e4b10e9b2"
          },
          "sensitive_attributes": [],
          "private": "eyJlMmJmYjczMC1lY2FhLTExZTYtOGY4OC0zNDM2M2JjN2M0YzAiOnsiY3JlYXRlIjo2MDAwMDAwMDAwMDAsImRlbGV0ZSI6NjAwMDAwMDAwMDAwLCJ1cGRhdGUiOjYwMDAwMDAwMDAwMH19",
          "dependencies": [
            "module.security_groups.aws_security_group.alb_sg",
            "module.security_groups.aws_security_group.ec2_sg",
            "module.security_groups.aws_security_group.ssm_sg",
            "module.subnets.aws_subnet.private",
            "module.vpc.aws_vpc.main"
          ]
        }
      ]
    },
    {
      "module": "module.network",
      "mode": "managed",
      "type": "aws_vpc_endpoint",
      "name": "s3",
      "provider": "provider[\"registry.terraform.io/hashicorp/aws\"]",
      "instances": [
        {
          "schema_version": 0,
          "attributes": {
            "arn": "arn:aws:ec2:eu-central-1:730335206351:vpc-endpoint/vpce-053e9f924d7e798dd",
            "auto_accept": null,
            "cidr_blocks": [
              "52.219.44.0/22",
              "52.219.208.0/22",
              "3.5.136.0/22",
              "52.219.218.0/24",
              "52.219.140.0/24",
              "16.12.32.0/22",
              "52.219.72.0/22",
              "3.5.134.0/23",
              "16.12.24.0/21",
              "52.219.168.0/22"
            ],
            "dns_entry": [],
            "dns_options": [],
            "id": "vpce-053e9f924d7e798dd",
            "ip_address_type": "",
            "network_interface_ids": [],
            "owner_id": "730335206351",
            "policy": "{\"Statement\":[{\"Action\":\"*\",\"Effect\":\"Allow\",\"Principal\":\"*\",\"Resource\":\"*\"}],\"Version\":\"2008-10-17\"}",
            "prefix_list_id": "pl-6ea54007",
            "private_dns_enabled": false,
            "requester_managed": false,
            "resource_configuration_arn": "",
            "route_table_ids": [
              "rtb-0835e2a681e93fe6c"
            ],
            "security_group_ids": [],
            "service_name": "com.amazonaws.eu-central-1.s3",
            "service_network_arn": "",
            "service_region": "",
            "state": "available",
            "subnet_configuration": [],
            "subnet_ids": [],
            "tags": {
              "Name": "S3-VPC-Endpoint"
            },
            "tags_all": {
              "Name": "S3-VPC-Endpoint"
            },
            "timeouts": null,
            "vpc_endpoint_type": "Gateway",
            "vpc_id": "vpc-0036f498e4b10e9b2"
          },
          "sensitive_attributes": [],
          "private": "eyJlMmJmYjczMC1lY2FhLTExZTYtOGY4OC0zNDM2M2JjN2M0YzAiOnsiY3JlYXRlIjo2MDAwMDAwMDAwMDAsImRlbGV0ZSI6NjAwMDAwMDAwMDAwLCJ1cGRhdGUiOjYwMDAwMDAwMDAwMH19",
          "dependencies": [
            "module.network.aws_route_table.private",
            "module.vpc.aws_vpc.main"
          ]
        }
      ]
    },
    {
      "module": "module.network",
      "mode": "managed",
      "type": "aws_vpc_endpoint",
      "name": "secretsmanager",
      "provider": "provider[\"registry.terraform.io/hashicorp/aws\"]",
      "instances": [
        {
          "schema_version": 0,
          "attributes": {
            "arn": "arn:aws:ec2:eu-central-1:730335206351:vpc-endpoint/vpce-06fb2b58537025882",
            "auto_accept": null,
            "cidr_blocks": [],
            "dns_entry": [
              {
                "dns_name": "vpce-06fb2b58537025882-gogunmlm.secretsmanager.eu-central-1.vpce.amazonaws.com",
                "hosted_zone_id": "Z273ZU8SZ5RJPC"
              },
              {
                "dns_name": "vpce-06fb2b58537025882-gogunmlm-eu-central-1a.secretsmanager.eu-central-1.vpce.amazonaws.com",
                "hosted_zone_id": "Z273ZU8SZ5RJPC"
              },
              {
                "dns_name": "vpce-06fb2b58537025882-gogunmlm-eu-central-1b.secretsmanager.eu-central-1.vpce.amazonaws.com",
                "hosted_zone_id": "Z273ZU8SZ5RJPC"
              },
              {
                "dns_name": "secretsmanager.eu-central-1.amazonaws.com",
                "hosted_zone_id": "Z04405992UX15PFPN8DLR"
              }
            ],
            "dns_options": [
              {
                "dns_record_ip_type": "ipv4",
                "private_dns_only_for_inbound_resolver_endpoint": false
              }
            ],
            "id": "vpce-06fb2b58537025882",
            "ip_address_type": "ipv4",
            "network_interface_ids": [
              "eni-08dc5bc11d6d48064",
              "eni-0adf6d731fd9204f1"
            ],
            "owner_id": "730335206351",
            "policy": "{\"Statement\":[{\"Action\":\"*\",\"Effect\":\"Allow\",\"Principal\":\"*\",\"Resource\":\"*\"}]}",
            "prefix_list_id": null,
            "private_dns_enabled": true,
            "requester_managed": false,
            "resource_configuration_arn": "",
            "route_table_ids": [],
            "security_group_ids": [
              "sg-0effeb5e51a411c4f"
            ],
            "service_name": "com.amazonaws.eu-central-1.secretsmanager",
            "service_network_arn": "",
            "service_region": "eu-central-1",
            "state": "available",
            "subnet_configuration": [
              {
                "ipv4": "10.0.2.113",
                "ipv6": "",
                "subnet_id": "subnet-096d16f950e2fd1fe"
              },
              {
                "ipv4": "10.0.3.133",
                "ipv6": "",
                "subnet_id": "subnet-04f0c0a4df0952058"
              }
            ],
            "subnet_ids": [
              "subnet-04f0c0a4df0952058",
              "subnet-096d16f950e2fd1fe"
            ],
            "tags": {
              "Name": "SecretsManager-VPC-Endpoint"
            },
            "tags_all": {
              "Name": "SecretsManager-VPC-Endpoint"
            },
            "timeouts": null,
            "vpc_endpoint_type": "Interface",
            "vpc_id": "vpc-0036f498e4b10e9b2"
          },
          "sensitive_attributes": [],
          "private": "eyJlMmJmYjczMC1lY2FhLTExZTYtOGY4OC0zNDM2M2JjN2M0YzAiOnsiY3JlYXRlIjo2MDAwMDAwMDAwMDAsImRlbGV0ZSI6NjAwMDAwMDAwMDAwLCJ1cGRhdGUiOjYwMDAwMDAwMDAwMH19",
          "dependencies": [
            "module.security_groups.aws_security_group.vpc_endpoint_sg",
            "module.subnets.aws_subnet.private",
            "module.vpc.aws_vpc.main"
          ]
        }
      ]
    },
    {
      "module": "module.network",
      "mode": "managed",
      "type": "aws_vpc_endpoint",
      "name": "ssm",
      "provider": "provider[\"registry.terraform.io/hashicorp/aws\"]",
      "instances": [
        {
          "schema_version": 0,
          "attributes": {
            "arn": "arn:aws:ec2:eu-central-1:730335206351:vpc-endpoint/vpce-05855793a72bc8807",
            "auto_accept": null,
            "cidr_blocks": [],
            "dns_entry": [
              {
                "dns_name": "vpce-05855793a72bc8807-4hvzyr7b.ssm.eu-central-1.vpce.amazonaws.com",
                "hosted_zone_id": "Z273ZU8SZ5RJPC"
              },
              {
                "dns_name": "vpce-05855793a72bc8807-4hvzyr7b-eu-central-1a.ssm.eu-central-1.vpce.amazonaws.com",
                "hosted_zone_id": "Z273ZU8SZ5RJPC"
              },
              {
                "dns_name": "vpce-05855793a72bc8807-4hvzyr7b-eu-central-1b.ssm.eu-central-1.vpce.amazonaws.com",
                "hosted_zone_id": "Z273ZU8SZ5RJPC"
              },
              {
                "dns_name": "ssm.eu-central-1.amazonaws.com",
                "hosted_zone_id": "Z043424329QR8NISEEF83"
              }
            ],
            "dns_options": [
              {
                "dns_record_ip_type": "ipv4",
                "private_dns_only_for_inbound_resolver_endpoint": false
              }
            ],
            "id": "vpce-05855793a72bc8807",
            "ip_address_type": "ipv4",
            "network_interface_ids": [
              "eni-0eb8513eb5b98415c",
              "eni-0f51a5395535497cf"
            ],
            "owner_id": "730335206351",
            "policy": "{\"Statement\":[{\"Action\":\"*\",\"Effect\":\"Allow\",\"Principal\":\"*\",\"Resource\":\"*\"}]}",
            "prefix_list_id": null,
            "private_dns_enabled": true,
            "requester_managed": false,
            "resource_configuration_arn": "",
            "route_table_ids": [],
            "security_group_ids": [
              "sg-0f4044a834ae98a92"
            ],
            "service_name": "com.amazonaws.eu-central-1.ssm",
            "service_network_arn": "",
            "service_region": "eu-central-1",
            "state": "available",
            "subnet_configuration": [
              {
                "ipv4": "10.0.2.191",
                "ipv6": "",
                "subnet_id": "subnet-096d16f950e2fd1fe"
              },
              {
                "ipv4": "10.0.3.206",
                "ipv6": "",
                "subnet_id": "subnet-04f0c0a4df0952058"
              }
            ],
            "subnet_ids": [
              "subnet-04f0c0a4df0952058",
              "subnet-096d16f950e2fd1fe"
            ],
            "tags": {
              "Name": "SSM-VPC-Endpoint"
            },
            "tags_all": {
              "Name": "SSM-VPC-Endpoint"
            },
            "timeouts": null,
            "vpc_endpoint_type": "Interface",
            "vpc_id": "vpc-0036f498e4b10e9b2"
          },
          "sensitive_attributes": [],
          "private": "eyJlMmJmYjczMC1lY2FhLTExZTYtOGY4OC0zNDM2M2JjN2M0YzAiOnsiY3JlYXRlIjo2MDAwMDAwMDAwMDAsImRlbGV0ZSI6NjAwMDAwMDAwMDAwLCJ1cGRhdGUiOjYwMDAwMDAwMDAwMH19",
          "dependencies": [
            "module.security_groups.aws_security_group.alb_sg",
            "module.security_groups.aws_security_group.ec2_sg",
            "module.security_groups.aws_security_group.ssm_sg",
            "module.subnets.aws_subnet.private",
            "module.vpc.aws_vpc.main"
          ]
        }
      ]
    },
    {
      "module": "module.network",
      "mode": "managed",
      "type": "aws_vpc_endpoint",
      "name": "ssm_messages",
      "provider": "provider[\"registry.terraform.io/hashicorp/aws\"]",
      "instances": [
        {
          "schema_version": 0,
          "attributes": {
            "arn": "arn:aws:ec2:eu-central-1:730335206351:vpc-endpoint/vpce-097ed6a92325e6823",
            "auto_accept": null,
            "cidr_blocks": [],
            "dns_entry": [
              {
                "dns_name": "vpce-097ed6a92325e6823-bl0qf6nq.ssmmessages.eu-central-1.vpce.amazonaws.com",
                "hosted_zone_id": "Z273ZU8SZ5RJPC"
              },
              {
                "dns_name": "vpce-097ed6a92325e6823-bl0qf6nq-eu-central-1a.ssmmessages.eu-central-1.vpce.amazonaws.com",
                "hosted_zone_id": "Z273ZU8SZ5RJPC"
              },
              {
                "dns_name": "vpce-097ed6a92325e6823-bl0qf6nq-eu-central-1b.ssmmessages.eu-central-1.vpce.amazonaws.com",
                "hosted_zone_id": "Z273ZU8SZ5RJPC"
              },
              {
                "dns_name": "ssmmessages.eu-central-1.amazonaws.com",
                "hosted_zone_id": "Z03103372UN7Q0MVKYAXG"
              }
            ],
            "dns_options": [
              {
                "dns_record_ip_type": "ipv4",
                "private_dns_only_for_inbound_resolver_endpoint": false
              }
            ],
            "id": "vpce-097ed6a92325e6823",
            "ip_address_type": "ipv4",
            "network_interface_ids": [
              "eni-06016dfd04863b6a5",
              "eni-0dd55c797bf327769"
            ],
            "owner_id": "730335206351",
            "policy": "{\"Statement\":[{\"Action\":\"*\",\"Effect\":\"Allow\",\"Principal\":\"*\",\"Resource\":\"*\"}]}",
            "prefix_list_id": null,
            "private_dns_enabled": true,
            "requester_managed": false,
            "resource_configuration_arn": "",
            "route_table_ids": [],
            "security_group_ids": [
              "sg-0f4044a834ae98a92"
            ],
            "service_name": "com.amazonaws.eu-central-1.ssmmessages",
            "service_network_arn": "",
            "service_region": "eu-central-1",
            "state": "available",
            "subnet_configuration": [
              {
                "ipv4": "10.0.2.61",
                "ipv6": "",
                "subnet_id": "subnet-096d16f950e2fd1fe"
              },
              {
                "ipv4": "10.0.3.22",
                "ipv6": "",
                "subnet_id": "subnet-04f0c0a4df0952058"
              }
            ],
            "subnet_ids": [
              "subnet-04f0c0a4df0952058",
              "subnet-096d16f950e2fd1fe"
            ],
            "tags": {
              "Name": "SSM-Messages-VPC-Endpoint"
            },
            "tags_all": {
              "Name": "SSM-Messages-VPC-Endpoint"
            },
            "timeouts": null,
            "vpc_endpoint_type": "Interface",
            "vpc_id": "vpc-0036f498e4b10e9b2"
          },
          "sensitive_attributes": [],
          "private": "eyJlMmJmYjczMC1lY2FhLTExZTYtOGY4OC0zNDM2M2JjN2M0YzAiOnsiY3JlYXRlIjo2MDAwMDAwMDAwMDAsImRlbGV0ZSI6NjAwMDAwMDAwMDAwLCJ1cGRhdGUiOjYwMDAwMDAwMDAwMH19",
          "dependencies": [
            "module.security_groups.aws_security_group.alb_sg",
            "module.security_groups.aws_security_group.ec2_sg",
            "module.security_groups.aws_security_group.ssm_sg",
            "module.subnets.aws_subnet.private",
            "module.vpc.aws_vpc.main"
          ]
        }
      ]
    },
    {
      "module": "module.rds",
      "mode": "managed",
      "type": "aws_db_instance",
      "name": "rds",
      "provider": "provider[\"registry.terraform.io/hashicorp/aws\"]",
      "instances": [
        {
          "schema_version": 2,
          "attributes": {
            "address": "my-rds-database.c96uwg6c21b0.eu-central-1.rds.amazonaws.com",
            "allocated_storage": 20,
            "allow_major_version_upgrade": null,
            "apply_immediately": false,
            "arn": "arn:aws:rds:eu-central-1:730335206351:db:my-rds-database",
            "auto_minor_version_upgrade": true,
            "availability_zone": "eu-central-1b",
            "backup_retention_period": 0,
            "backup_target": "region",
            "backup_window": "02:23-02:53",
            "blue_green_update": [],
            "ca_cert_identifier": "rds-ca-rsa2048-g1",
            "character_set_name": "",
            "copy_tags_to_snapshot": false,
            "custom_iam_instance_profile": "",
            "customer_owned_ip_enabled": false,
            "db_name": "",
            "db_subnet_group_name": "rds-subnet-group",
            "dedicated_log_volume": false,
            "delete_automated_backups": true,
            "deletion_protection": false,
            "domain": "",
            "domain_auth_secret_arn": "",
            "domain_dns_ips": null,
            "domain_fqdn": "",
            "domain_iam_role_name": "",
            "domain_ou": "",
            "enabled_cloudwatch_logs_exports": [
              "postgresql",
              "upgrade"
            ],
            "endpoint": "my-rds-database.c96uwg6c21b0.eu-central-1.rds.amazonaws.com:5432",
            "engine": "postgres",
            "engine_lifecycle_support": "open-source-rds-extended-support",
            "engine_version": "17.2",
            "engine_version_actual": "17.2",
            "final_snapshot_identifier": null,
            "hosted_zone_id": "Z1RLNUO7B9Q6NB",
            "iam_database_authentication_enabled": false,
            "id": "db-QKWLJ3RAT35FX35LQ42YZ2AMJQ",
            "identifier": "my-rds-database",
            "identifier_prefix": "",
            "instance_class": "db.t3.micro",
            "iops": 0,
            "kms_key_id": "",
            "latest_restorable_time": "",
            "license_model": "postgresql-license",
            "listener_endpoint": [],
            "maintenance_window": "thu:22:21-thu:22:51",
            "manage_master_user_password": null,
            "master_user_secret": [],
            "master_user_secret_kms_key_id": null,
            "max_allocated_storage": 0,
            "monitoring_interval": 0,
            "monitoring_role_arn": "",
            "multi_az": false,
            "nchar_character_set_name": "",
            "network_type": "IPV4",
            "option_group_name": "default:postgres-17",
            "parameter_group_name": "default.postgres17",
            "password": "postgres",
            "password_wo": null,
            "password_wo_version": null,
            "performance_insights_enabled": false,
            "performance_insights_kms_key_id": "",
            "performance_insights_retention_period": 0,
            "port": 5432,
            "publicly_accessible": false,
            "replica_mode": "",
            "replicas": [],
            "replicate_source_db": "",
            "resource_id": "db-QKWLJ3RAT35FX35LQ42YZ2AMJQ",
            "restore_to_point_in_time": [],
            "s3_import": [],
            "skip_final_snapshot": true,
            "snapshot_identifier": null,
            "status": "available",
            "storage_encrypted": false,
            "storage_throughput": 0,
            "storage_type": "gp2",
            "tags": {
              "Name": "RDS-PostgreSQL"
            },
            "tags_all": {
              "Name": "RDS-PostgreSQL"
            },
            "timeouts": null,
            "timezone": "",
            "upgrade_storage_config": null,
            "username": "dbuser",
            "vpc_security_group_ids": [
              "sg-062f33c57b49d4a6c"
            ]
          },
          "sensitive_attributes": [
            [
              {
                "type": "get_attr",
                "value": "password_wo"
              }
            ],
            [
              {
                "type": "get_attr",
                "value": "password"
              }
            ]
          ],
          "private": "eyJlMmJmYjczMC1lY2FhLTExZTYtOGY4OC0zNDM2M2JjN2M0YzAiOnsiY3JlYXRlIjozMDAwMDAwMDAwMDAwLCJkZWxldGUiOjM2MDAwMDAwMDAwMDAsInVwZGF0ZSI6NDgwMDAwMDAwMDAwMH0sInNjaGVtYV92ZXJzaW9uIjoiMiJ9",
          "dependencies": [
            "module.rds.aws_db_subnet_group.rds_subnet_group",
            "module.security_groups.aws_security_group.rds_sg",
            "module.subnets.aws_subnet.private",
            "module.vpc.aws_vpc.main"
          ]
        }
      ]
    },
    {
      "module": "module.rds",
      "mode": "managed",
      "type": "aws_db_subnet_group",
      "name": "rds_subnet_group",
      "provider": "provider[\"registry.terraform.io/hashicorp/aws\"]",
      "instances": [
        {
          "schema_version": 0,
          "attributes": {
            "arn": "arn:aws:rds:eu-central-1:730335206351:subgrp:rds-subnet-group",
            "description": "Managed by Terraform",
            "id": "rds-subnet-group",
            "name": "rds-subnet-group",
            "name_prefix": "",
            "subnet_ids": [
              "subnet-04f0c0a4df0952058",
              "subnet-096d16f950e2fd1fe"
            ],
            "supported_network_types": [
              "IPV4"
            ],
            "tags": {
              "Name": "RDS-Subnet-Group"
            },
            "tags_all": {
              "Name": "RDS-Subnet-Group"
            },
            "vpc_id": "vpc-0036f498e4b10e9b2"
          },
          "sensitive_attributes": [],
          "private": "bnVsbA==",
          "dependencies": [
            "module.subnets.aws_subnet.private",
            "module.vpc.aws_vpc.main"
          ]
        }
      ]
    },
    {
      "module": "module.s3",
      "mode": "managed",
      "type": "aws_s3_bucket",
      "name": "s3_bucket",
      "provider": "provider[\"registry.terraform.io/hashicorp/aws\"]",
      "instances": [
        {
          "schema_version": 0,
          "attributes": {
            "acceleration_status": "",
            "acl": null,
            "arn": "arn:aws:s3:::spring-bucket-maciej123",
            "bucket": "spring-bucket-maciej123",
            "bucket_domain_name": "spring-bucket-maciej123.s3.amazonaws.com",
            "bucket_prefix": "",
            "bucket_regional_domain_name": "spring-bucket-maciej123.s3.eu-central-1.amazonaws.com",
            "cors_rule": [],
            "force_destroy": false,
            "grant": [
              {
                "id": "a9be9aaa0876d9027b99f27569cd57bd92b55338305e928aaa55195f4a9d8e94",
                "permissions": [
                  "FULL_CONTROL"
                ],
                "type": "CanonicalUser",
                "uri": ""
              }
            ],
            "hosted_zone_id": "Z21DNDUVLTQW6Q",
            "id": "spring-bucket-maciej123",
            "lifecycle_rule": [],
            "logging": [],
            "object_lock_configuration": [],
            "object_lock_enabled": false,
            "policy": "",
            "region": "eu-central-1",
            "replication_configuration": [],
            "request_payer": "BucketOwner",
            "server_side_encryption_configuration": [
              {
                "rule": [
                  {
                    "apply_server_side_encryption_by_default": [
                      {
                        "kms_master_key_id": "",
                        "sse_algorithm": "AES256"
                      }
                    ],
                    "bucket_key_enabled": false
                  }
                ]
              }
            ],
            "tags": null,
            "tags_all": {},
            "timeouts": null,
            "versioning": [
              {
                "enabled": false,
                "mfa_delete": false
              }
            ],
            "website": [],
            "website_domain": null,
            "website_endpoint": null
          },
          "sensitive_attributes": [],
          "private": "eyJlMmJmYjczMC1lY2FhLTExZTYtOGY4OC0zNDM2M2JjN2M0YzAiOnsiY3JlYXRlIjoxMjAwMDAwMDAwMDAwLCJkZWxldGUiOjM2MDAwMDAwMDAwMDAsInJlYWQiOjEyMDAwMDAwMDAwMDAsInVwZGF0ZSI6MTIwMDAwMDAwMDAwMH19"
        }
      ]
    },
    {
      "module": "module.s3",
      "mode": "managed",
      "type": "aws_s3_bucket_ownership_controls",
      "name": "s3_ownership",
      "provider": "provider[\"registry.terraform.io/hashicorp/aws\"]",
      "instances": [
        {
          "schema_version": 0,
          "attributes": {
            "bucket": "spring-bucket-maciej123",
            "id": "spring-bucket-maciej123",
            "rule": [
              {
                "object_ownership": "BucketOwnerEnforced"
              }
            ]
          },
          "sensitive_attributes": [],
          "private": "bnVsbA==",
          "dependencies": [
            "module.s3.aws_s3_bucket.s3_bucket"
          ]
        }
      ]
    },
    {
      "module": "module.s3",
      "mode": "managed",
      "type": "aws_s3_bucket_policy",
      "name": "s3_bucket_policy",
      "provider": "provider[\"registry.terraform.io/hashicorp/aws\"]",
      "instances": [
        {
          "schema_version": 0,
          "attributes": {
            "bucket": "spring-bucket-maciej123",
            "id": "spring-bucket-maciej123",
            "policy": "{\"Statement\":[{\"Action\":[\"s3:GetObject\",\"s3:ListBucket\"],\"Effect\":\"Allow\",\"Principal\":{\"AWS\":\"arn:aws:iam::cloudfront:user/CloudFront Origin Access Identity E3BKY0D51HW85W\"},\"Resource\":[\"arn:aws:s3:::spring-bucket-maciej123\",\"arn:aws:s3:::spring-bucket-maciej123/*\"]},{\"Action\":[\"s3:GetObject\",\"s3:PutObject\",\"s3:ListBucket\"],\"Condition\":{\"StringEquals\":{\"aws:SourceVpce\":\"vpce-053e9f924d7e798dd\"}},\"Effect\":\"Allow\",\"Principal\":\"*\",\"Resource\":[\"arn:aws:s3:::spring-bucket-maciej123\",\"arn:aws:s3:::spring-bucket-maciej123/*\"]}],\"Version\":\"2012-10-17\"}"
          },
          "sensitive_attributes": [],
          "private": "bnVsbA==",
          "dependencies": [
            "module.cloudfront.aws_cloudfront_origin_access_identity.oai",
            "module.network.aws_route_table.private",
            "module.network.aws_vpc_endpoint.s3",
            "module.s3.aws_s3_bucket.s3_bucket",
            "module.vpc.aws_vpc.main"
          ]
        }
      ]
    },
    {
      "module": "module.s3",
      "mode": "managed",
      "type": "aws_s3_bucket_public_access_block",
      "name": "s3_public_access",
      "provider": "provider[\"registry.terraform.io/hashicorp/aws\"]",
      "instances": [
        {
          "schema_version": 0,
          "attributes": {
            "block_public_acls": true,
            "block_public_policy": true,
            "bucket": "spring-bucket-maciej123",
            "id": "spring-bucket-maciej123",
            "ignore_public_acls": true,
            "restrict_public_buckets": true
          },
          "sensitive_attributes": [],
          "private": "bnVsbA==",
          "dependencies": [
            "module.s3.aws_s3_bucket.s3_bucket"
          ]
        }
      ]
    },
    {
      "module": "module.s3",
      "mode": "managed",
      "type": "aws_s3_bucket_versioning",
      "name": "versioning",
      "provider": "provider[\"registry.terraform.io/hashicorp/aws\"]",
      "instances": [
        {
          "schema_version": 0,
          "attributes": {
            "bucket": "spring-bucket-maciej123",
            "expected_bucket_owner": "",
            "id": "spring-bucket-maciej123",
            "mfa": null,
            "versioning_configuration": [
              {
                "mfa_delete": "",
                "status": "Enabled"
              }
            ]
          },
          "sensitive_attributes": [],
          "private": "bnVsbA==",
          "dependencies": [
            "module.s3.aws_s3_bucket.s3_bucket"
          ]
        }
      ]
    },
    {
      "module": "module.s3",
      "mode": "managed",
      "type": "aws_s3_bucket_website_configuration",
      "name": "s3_website",
      "provider": "provider[\"registry.terraform.io/hashicorp/aws\"]",
      "instances": [
        {
          "schema_version": 0,
          "attributes": {
            "bucket": "spring-bucket-maciej123",
            "error_document": [
              {
                "key": "error.html"
              }
            ],
            "expected_bucket_owner": "",
            "id": "spring-bucket-maciej123",
            "index_document": [
              {
                "suffix": "home.html"
              }
            ],
            "redirect_all_requests_to": [],
            "routing_rule": [],
            "routing_rules": "",
            "website_domain": "s3-website.eu-central-1.amazonaws.com",
            "website_endpoint": "spring-bucket-maciej123.s3-website.eu-central-1.amazonaws.com"
          },
          "sensitive_attributes": [],
          "private": "bnVsbA==",
          "dependencies": [
            "module.s3.aws_s3_bucket.s3_bucket"
          ]
        }
      ]
    },
    {
      "module": "module.security_groups",
      "mode": "managed",
      "type": "aws_security_group",
      "name": "alb_sg",
      "provider": "provider[\"registry.terraform.io/hashicorp/aws\"]",
      "instances": [
        {
          "schema_version": 1,
          "attributes": {
            "arn": "arn:aws:ec2:eu-central-1:730335206351:security-group/sg-08d97a09435cec45e",
            "description": "Security Group for ALB",
            "egress": [
              {
                "cidr_blocks": [
                  "0.0.0.0/0"
                ],
                "description": "",
                "from_port": 0,
                "ipv6_cidr_blocks": [],
                "prefix_list_ids": [],
                "protocol": "-1",
                "security_groups": [],
                "self": false,
                "to_port": 0
              }
            ],
            "id": "sg-08d97a09435cec45e",
            "ingress": [
              {
                "cidr_blocks": [
                  "0.0.0.0/0"
                ],
                "description": "",
                "from_port": 80,
                "ipv6_cidr_blocks": [],
                "prefix_list_ids": [],
                "protocol": "tcp",
                "security_groups": [],
                "self": false,
                "to_port": 80
              }
            ],
            "name": "alb-security-group",
            "name_prefix": "",
            "owner_id": "730335206351",
            "revoke_rules_on_delete": false,
            "tags": {
              "Name": "ALB-SG"
            },
            "tags_all": {
              "Name": "ALB-SG"
            },
            "timeouts": null,
            "vpc_id": "vpc-0036f498e4b10e9b2"
          },
          "sensitive_attributes": [],
          "private": "eyJlMmJmYjczMC1lY2FhLTExZTYtOGY4OC0zNDM2M2JjN2M0YzAiOnsiY3JlYXRlIjo2MDAwMDAwMDAwMDAsImRlbGV0ZSI6OTAwMDAwMDAwMDAwfSwic2NoZW1hX3ZlcnNpb24iOiIxIn0=",
          "dependencies": [
            "module.vpc.aws_vpc.main"
          ]
        }
      ]
    },
    {
      "module": "module.security_groups",
      "mode": "managed",
      "type": "aws_security_group",
      "name": "ec2_sg",
      "provider": "provider[\"registry.terraform.io/hashicorp/aws\"]",
      "instances": [
        {
          "schema_version": 1,
          "attributes": {
            "arn": "arn:aws:ec2:eu-central-1:730335206351:security-group/sg-0dd465e8e4c947386",
            "description": "Security Group for EC2",
            "egress": [
              {
                "cidr_blocks": [
                  "0.0.0.0/0"
                ],
                "description": "",
                "from_port": 0,
                "ipv6_cidr_blocks": [],
                "prefix_list_ids": [],
                "protocol": "-1",
                "security_groups": [],
                "self": false,
                "to_port": 0
              }
            ],
            "id": "sg-0dd465e8e4c947386",
            "ingress": [
              {
                "cidr_blocks": [],
                "description": "",
                "from_port": 8080,
                "ipv6_cidr_blocks": [],
                "prefix_list_ids": [],
                "protocol": "tcp",
                "security_groups": [
                  "sg-08d97a09435cec45e"
                ],
                "self": false,
                "to_port": 8080
              }
            ],
            "name": "ec2-security-group",
            "name_prefix": "",
            "owner_id": "730335206351",
            "revoke_rules_on_delete": false,
            "tags": {
              "Name": "EC2-SG"
            },
            "tags_all": {
              "Name": "EC2-SG"
            },
            "timeouts": null,
            "vpc_id": "vpc-0036f498e4b10e9b2"
          },
          "sensitive_attributes": [],
          "private": "eyJlMmJmYjczMC1lY2FhLTExZTYtOGY4OC0zNDM2M2JjN2M0YzAiOnsiY3JlYXRlIjo2MDAwMDAwMDAwMDAsImRlbGV0ZSI6OTAwMDAwMDAwMDAwfSwic2NoZW1hX3ZlcnNpb24iOiIxIn0=",
          "dependencies": [
            "module.security_groups.aws_security_group.alb_sg",
            "module.vpc.aws_vpc.main"
          ]
        }
      ]
    },
    {
      "module": "module.security_groups",
      "mode": "managed",
      "type": "aws_security_group",
      "name": "rds_sg",
      "provider": "provider[\"registry.terraform.io/hashicorp/aws\"]",
      "instances": [
        {
          "schema_version": 1,
          "attributes": {
            "arn": "arn:aws:ec2:eu-central-1:730335206351:security-group/sg-062f33c57b49d4a6c",
            "description": "Security Group for RDS",
            "egress": [],
            "id": "sg-062f33c57b49d4a6c",
            "ingress": [],
            "name": "rds-security-group",
            "name_prefix": "",
            "owner_id": "730335206351",
            "revoke_rules_on_delete": false,
            "tags": {
              "Name": "RDS-SG"
            },
            "tags_all": {
              "Name": "RDS-SG"
            },
            "timeouts": null,
            "vpc_id": "vpc-0036f498e4b10e9b2"
          },
          "sensitive_attributes": [],
          "private": "eyJlMmJmYjczMC1lY2FhLTExZTYtOGY4OC0zNDM2M2JjN2M0YzAiOnsiY3JlYXRlIjo2MDAwMDAwMDAwMDAsImRlbGV0ZSI6OTAwMDAwMDAwMDAwfSwic2NoZW1hX3ZlcnNpb24iOiIxIn0=",
          "dependencies": [
            "module.vpc.aws_vpc.main"
          ]
        }
      ]
    },
    {
      "module": "module.security_groups",
      "mode": "managed",
      "type": "aws_security_group",
      "name": "ssm_sg",
      "provider": "provider[\"registry.terraform.io/hashicorp/aws\"]",
      "instances": [
        {
          "schema_version": 1,
          "attributes": {
            "arn": "arn:aws:ec2:eu-central-1:730335206351:security-group/sg-0f4044a834ae98a92",
            "description": "Security Group for AWS SSM VPC Endpoints",
            "egress": [
              {
                "cidr_blocks": [
                  "0.0.0.0/0"
                ],
                "description": "",
                "from_port": 443,
                "ipv6_cidr_blocks": [],
                "prefix_list_ids": [],
                "protocol": "tcp",
                "security_groups": [],
                "self": false,
                "to_port": 443
              }
            ],
            "id": "sg-0f4044a834ae98a92",
            "ingress": [
              {
                "cidr_blocks": [],
                "description": "",
                "from_port": 443,
                "ipv6_cidr_blocks": [],
                "prefix_list_ids": [],
                "protocol": "tcp",
                "security_groups": [
                  "sg-0dd465e8e4c947386"
                ],
                "self": false,
                "to_port": 443
              }
            ],
            "name": "ssm-security-group",
            "name_prefix": "",
            "owner_id": "730335206351",
            "revoke_rules_on_delete": false,
            "tags": {
              "Name": "SSM-SG"
            },
            "tags_all": {
              "Name": "SSM-SG"
            },
            "timeouts": null,
            "vpc_id": "vpc-0036f498e4b10e9b2"
          },
          "sensitive_attributes": [],
          "private": "eyJlMmJmYjczMC1lY2FhLTExZTYtOGY4OC0zNDM2M2JjN2M0YzAiOnsiY3JlYXRlIjo2MDAwMDAwMDAwMDAsImRlbGV0ZSI6OTAwMDAwMDAwMDAwfSwic2NoZW1hX3ZlcnNpb24iOiIxIn0=",
          "dependencies": [
            "module.security_groups.aws_security_group.alb_sg",
            "module.security_groups.aws_security_group.ec2_sg",
            "module.vpc.aws_vpc.main"
          ]
        }
      ]
    },
    {
      "module": "module.security_groups",
      "mode": "managed",
      "type": "aws_security_group",
      "name": "vpc_endpoint_sg",
      "provider": "provider[\"registry.terraform.io/hashicorp/aws\"]",
      "instances": [
        {
          "schema_version": 1,
          "attributes": {
            "arn": "arn:aws:ec2:eu-central-1:730335206351:security-group/sg-0effeb5e51a411c4f",
            "description": "Security Group for VPC Endpoints",
            "egress": [
              {
                "cidr_blocks": [
                  "0.0.0.0/0"
                ],
                "description": "",
                "from_port": 0,
                "ipv6_cidr_blocks": [],
                "prefix_list_ids": [],
                "protocol": "-1",
                "security_groups": [],
                "self": false,
                "to_port": 0
              }
            ],
            "id": "sg-0effeb5e51a411c4f",
            "ingress": [
              {
                "cidr_blocks": [
                  "10.0.0.0/16"
                ],
                "description": "",
                "from_port": 443,
                "ipv6_cidr_blocks": [],
                "prefix_list_ids": [],
                "protocol": "tcp",
                "security_groups": [],
                "self": false,
                "to_port": 443
              }
            ],
            "name": "vpc-endpoint-sg",
            "name_prefix": "",
            "owner_id": "730335206351",
            "revoke_rules_on_delete": false,
            "tags": {
              "Name": "VPC-Endpoint-SG"
            },
            "tags_all": {
              "Name": "VPC-Endpoint-SG"
            },
            "timeouts": null,
            "vpc_id": "vpc-0036f498e4b10e9b2"
          },
          "sensitive_attributes": [],
          "private": "eyJlMmJmYjczMC1lY2FhLTExZTYtOGY4OC0zNDM2M2JjN2M0YzAiOnsiY3JlYXRlIjo2MDAwMDAwMDAwMDAsImRlbGV0ZSI6OTAwMDAwMDAwMDAwfSwic2NoZW1hX3ZlcnNpb24iOiIxIn0=",
          "dependencies": [
            "module.vpc.aws_vpc.main"
          ]
        }
      ]
    },
    {
      "module": "module.security_groups",
      "mode": "managed",
      "type": "aws_security_group_rule",
      "name": "ec2_to_rds",
      "provider": "provider[\"registry.terraform.io/hashicorp/aws\"]",
      "instances": [
        {
          "schema_version": 2,
          "attributes": {
            "cidr_blocks": null,
            "description": null,
            "from_port": 5432,
            "id": "sgrule-1880079671",
            "ipv6_cidr_blocks": null,
            "prefix_list_ids": null,
            "protocol": "tcp",
            "security_group_id": "sg-062f33c57b49d4a6c",
            "security_group_rule_id": "sgr-0fd1b584b0e51fa48",
            "self": false,
            "source_security_group_id": "sg-0dd465e8e4c947386",
            "timeouts": null,
            "to_port": 5432,
            "type": "ingress"
          },
          "sensitive_attributes": [],
          "private": "eyJlMmJmYjczMC1lY2FhLTExZTYtOGY4OC0zNDM2M2JjN2M0YzAiOnsiY3JlYXRlIjozMDAwMDAwMDAwMDB9LCJzY2hlbWFfdmVyc2lvbiI6IjIifQ==",
          "dependencies": [
            "module.security_groups.aws_security_group.alb_sg",
            "module.security_groups.aws_security_group.ec2_sg",
            "module.security_groups.aws_security_group.rds_sg",
            "module.vpc.aws_vpc.main"
          ]
        }
      ]
    },
    {
      "module": "module.security_groups",
      "mode": "managed",
      "type": "aws_security_group_rule",
      "name": "rds_to_ec2",
      "provider": "provider[\"registry.terraform.io/hashicorp/aws\"]",
      "instances": [
        {
          "schema_version": 2,
          "attributes": {
            "cidr_blocks": null,
            "description": null,
            "from_port": 5432,
            "id": "sgrule-3015710383",
            "ipv6_cidr_blocks": null,
            "prefix_list_ids": null,
            "protocol": "tcp",
            "security_group_id": "sg-0dd465e8e4c947386",
            "security_group_rule_id": "sgr-05a2f614b90c3dfdc",
            "self": false,
            "source_security_group_id": "sg-062f33c57b49d4a6c",
            "timeouts": null,
            "to_port": 5432,
            "type": "ingress"
          },
          "sensitive_attributes": [],
          "private": "eyJlMmJmYjczMC1lY2FhLTExZTYtOGY4OC0zNDM2M2JjN2M0YzAiOnsiY3JlYXRlIjozMDAwMDAwMDAwMDB9LCJzY2hlbWFfdmVyc2lvbiI6IjIifQ==",
          "dependencies": [
            "module.security_groups.aws_security_group.alb_sg",
            "module.security_groups.aws_security_group.ec2_sg",
            "module.security_groups.aws_security_group.rds_sg",
            "module.vpc.aws_vpc.main"
          ]
        }
      ]
    },
    {
      "module": "module.subnets",
      "mode": "managed",
      "type": "aws_subnet",
      "name": "private",
      "provider": "provider[\"registry.terraform.io/hashicorp/aws\"]",
      "instances": [
        {
          "index_key": 0,
          "schema_version": 1,
          "attributes": {
            "arn": "arn:aws:ec2:eu-central-1:730335206351:subnet/subnet-096d16f950e2fd1fe",
            "assign_ipv6_address_on_creation": false,
            "availability_zone": "eu-central-1a",
            "availability_zone_id": "euc1-az2",
            "cidr_block": "10.0.2.0/24",
            "customer_owned_ipv4_pool": "",
            "enable_dns64": false,
            "enable_lni_at_device_index": 0,
            "enable_resource_name_dns_a_record_on_launch": false,
            "enable_resource_name_dns_aaaa_record_on_launch": false,
            "id": "subnet-096d16f950e2fd1fe",
            "ipv6_cidr_block": "",
            "ipv6_cidr_block_association_id": "",
            "ipv6_native": false,
            "map_customer_owned_ip_on_launch": false,
            "map_public_ip_on_launch": false,
            "outpost_arn": "",
            "owner_id": "730335206351",
            "private_dns_hostname_type_on_launch": "ip-name",
            "tags": {
              "Name": "Private Subnet 1"
            },
            "tags_all": {
              "Name": "Private Subnet 1"
            },
            "timeouts": null,
            "vpc_id": "vpc-0036f498e4b10e9b2"
          },
          "sensitive_attributes": [],
          "private": "eyJlMmJmYjczMC1lY2FhLTExZTYtOGY4OC0zNDM2M2JjN2M0YzAiOnsiY3JlYXRlIjo2MDAwMDAwMDAwMDAsImRlbGV0ZSI6MTIwMDAwMDAwMDAwMH0sInNjaGVtYV92ZXJzaW9uIjoiMSJ9",
          "dependencies": [
            "module.vpc.aws_vpc.main"
          ]
        },
        {
          "index_key": 1,
          "schema_version": 1,
          "attributes": {
            "arn": "arn:aws:ec2:eu-central-1:730335206351:subnet/subnet-04f0c0a4df0952058",
            "assign_ipv6_address_on_creation": false,
            "availability_zone": "eu-central-1b",
            "availability_zone_id": "euc1-az3",
            "cidr_block": "10.0.3.0/24",
            "customer_owned_ipv4_pool": "",
            "enable_dns64": false,
            "enable_lni_at_device_index": 0,
            "enable_resource_name_dns_a_record_on_launch": false,
            "enable_resource_name_dns_aaaa_record_on_launch": false,
            "id": "subnet-04f0c0a4df0952058",
            "ipv6_cidr_block": "",
            "ipv6_cidr_block_association_id": "",
            "ipv6_native": false,
            "map_customer_owned_ip_on_launch": false,
            "map_public_ip_on_launch": false,
            "outpost_arn": "",
            "owner_id": "730335206351",
            "private_dns_hostname_type_on_launch": "ip-name",
            "tags": {
              "Name": "Private Subnet 2"
            },
            "tags_all": {
              "Name": "Private Subnet 2"
            },
            "timeouts": null,
            "vpc_id": "vpc-0036f498e4b10e9b2"
          },
          "sensitive_attributes": [],
          "private": "eyJlMmJmYjczMC1lY2FhLTExZTYtOGY4OC0zNDM2M2JjN2M0YzAiOnsiY3JlYXRlIjo2MDAwMDAwMDAwMDAsImRlbGV0ZSI6MTIwMDAwMDAwMDAwMH0sInNjaGVtYV92ZXJzaW9uIjoiMSJ9",
          "dependencies": [
            "module.vpc.aws_vpc.main"
          ]
        }
      ]
    },
    {
      "module": "module.subnets",
      "mode": "managed",
      "type": "aws_subnet",
      "name": "public",
      "provider": "provider[\"registry.terraform.io/hashicorp/aws\"]",
      "instances": [
        {
          "index_key": 0,
          "schema_version": 1,
          "attributes": {
            "arn": "arn:aws:ec2:eu-central-1:730335206351:subnet/subnet-067bc50f5cdf16172",
            "assign_ipv6_address_on_creation": false,
            "availability_zone": "eu-central-1a",
            "availability_zone_id": "euc1-az2",
            "cidr_block": "10.0.10.0/24",
            "customer_owned_ipv4_pool": "",
            "enable_dns64": false,
            "enable_lni_at_device_index": 0,
            "enable_resource_name_dns_a_record_on_launch": false,
            "enable_resource_name_dns_aaaa_record_on_launch": false,
            "id": "subnet-067bc50f5cdf16172",
            "ipv6_cidr_block": "",
            "ipv6_cidr_block_association_id": "",
            "ipv6_native": false,
            "map_customer_owned_ip_on_launch": false,
            "map_public_ip_on_launch": false,
            "outpost_arn": "",
            "owner_id": "730335206351",
            "private_dns_hostname_type_on_launch": "ip-name",
            "tags": {
              "Name": "Public Subnet 1"
            },
            "tags_all": {
              "Name": "Public Subnet 1"
            },
            "timeouts": null,
            "vpc_id": "vpc-0036f498e4b10e9b2"
          },
          "sensitive_attributes": [],
          "private": "eyJlMmJmYjczMC1lY2FhLTExZTYtOGY4OC0zNDM2M2JjN2M0YzAiOnsiY3JlYXRlIjo2MDAwMDAwMDAwMDAsImRlbGV0ZSI6MTIwMDAwMDAwMDAwMH0sInNjaGVtYV92ZXJzaW9uIjoiMSJ9",
          "dependencies": [
            "module.vpc.aws_vpc.main"
          ]
        },
        {
          "index_key": 1,
          "schema_version": 1,
          "attributes": {
            "arn": "arn:aws:ec2:eu-central-1:730335206351:subnet/subnet-0ca56ce901b2291b1",
            "assign_ipv6_address_on_creation": false,
            "availability_zone": "eu-central-1b",
            "availability_zone_id": "euc1-az3",
            "cidr_block": "10.0.11.0/24",
            "customer_owned_ipv4_pool": "",
            "enable_dns64": false,
            "enable_lni_at_device_index": 0,
            "enable_resource_name_dns_a_record_on_launch": false,
            "enable_resource_name_dns_aaaa_record_on_launch": false,
            "id": "subnet-0ca56ce901b2291b1",
            "ipv6_cidr_block": "",
            "ipv6_cidr_block_association_id": "",
            "ipv6_native": false,
            "map_customer_owned_ip_on_launch": false,
            "map_public_ip_on_launch": false,
            "outpost_arn": "",
            "owner_id": "730335206351",
            "private_dns_hostname_type_on_launch": "ip-name",
            "tags": {
              "Name": "Public Subnet 2"
            },
            "tags_all": {
              "Name": "Public Subnet 2"
            },
            "timeouts": null,
            "vpc_id": "vpc-0036f498e4b10e9b2"
          },
          "sensitive_attributes": [],
          "private": "eyJlMmJmYjczMC1lY2FhLTExZTYtOGY4OC0zNDM2M2JjN2M0YzAiOnsiY3JlYXRlIjo2MDAwMDAwMDAwMDAsImRlbGV0ZSI6MTIwMDAwMDAwMDAwMH0sInNjaGVtYV92ZXJzaW9uIjoiMSJ9",
          "dependencies": [
            "module.vpc.aws_vpc.main"
          ]
        }
      ]
    },
    {
      "module": "module.vpc",
      "mode": "managed",
      "type": "aws_internet_gateway",
      "name": "main",
      "provider": "provider[\"registry.terraform.io/hashicorp/aws\"]",
      "instances": [
        {
          "schema_version": 0,
          "attributes": {
            "arn": "arn:aws:ec2:eu-central-1:730335206351:internet-gateway/igw-07e981f34760346e1",
            "id": "igw-07e981f34760346e1",
            "owner_id": "730335206351",
            "tags": {
              "Name": "MainIGW"
            },
            "tags_all": {
              "Name": "MainIGW"
            },
            "timeouts": null,
            "vpc_id": "vpc-0036f498e4b10e9b2"
          },
          "sensitive_attributes": [],
          "private": "eyJlMmJmYjczMC1lY2FhLTExZTYtOGY4OC0zNDM2M2JjN2M0YzAiOnsiY3JlYXRlIjoxMjAwMDAwMDAwMDAwLCJkZWxldGUiOjEyMDAwMDAwMDAwMDAsInVwZGF0ZSI6MTIwMDAwMDAwMDAwMH19",
          "dependencies": [
            "module.vpc.aws_vpc.main"
          ]
        }
      ]
    },
    {
      "module": "module.vpc",
      "mode": "managed",
      "type": "aws_vpc",
      "name": "main",
      "provider": "provider[\"registry.terraform.io/hashicorp/aws\"]",
      "instances": [
        {
          "schema_version": 1,
          "attributes": {
            "arn": "arn:aws:ec2:eu-central-1:730335206351:vpc/vpc-0036f498e4b10e9b2",
            "assign_generated_ipv6_cidr_block": false,
            "cidr_block": "10.0.0.0/16",
            "default_network_acl_id": "acl-09c6b22739938938a",
            "default_route_table_id": "rtb-00751f5569e82cbcf",
            "default_security_group_id": "sg-07573a53f00dfa581",
            "dhcp_options_id": "dopt-07e22c763c4e7d674",
            "enable_dns_hostnames": true,
            "enable_dns_support": true,
            "enable_network_address_usage_metrics": false,
            "id": "vpc-0036f498e4b10e9b2",
            "instance_tenancy": "default",
            "ipv4_ipam_pool_id": null,
            "ipv4_netmask_length": null,
            "ipv6_association_id": "",
            "ipv6_cidr_block": "",
            "ipv6_cidr_block_network_border_group": "",
            "ipv6_ipam_pool_id": "",
            "ipv6_netmask_length": 0,
            "main_route_table_id": "rtb-00751f5569e82cbcf",
            "owner_id": "730335206351",
            "tags": {
              "Name": "MainVPC"
            },
            "tags_all": {
              "Name": "MainVPC"
            }
          },
          "sensitive_attributes": [],
          "private": "eyJzY2hlbWFfdmVyc2lvbiI6IjEifQ=="
        }
      ]
    }
  ],
  "check_results": null
}
